
Microsoft Visual Studio Solution File, Format Version 12.00
# Visual Studio 14
VisualStudioVersion = 14.0.25420.1
MinimumVisualStudioVersion = 10.0.40219.1
Project("{FAE04EC0-301F-11D3-BF4B-00C04F79EFBC}") = "CFLSuite.Tests", "CFLSuite.Tests\CFLSuite.Tests.csproj", "{A29EB181-6A17-4020-8AA8-6BBBF62D9E25}"
EndProject
Project("{00D1A9C2-B5F0-4AF3-8072-F6C62B433612}") = "CFLSuite.Database", "CFLSuite.Database\CFLSuite.Database.sqlproj", "{FDEDD920-BC26-4739-912C-459E5B9DF923}"
EndProject
Project("{FAE04EC0-301F-11D3-BF4B-00C04F79EFBC}") = "CFLSuite.Data", "CFLSuite.Data\CFLSuite.Data.csproj", "{62782274-0373-43FE-9B0E-67937C9B99D9}"
EndProject
Project("{FAE04EC0-301F-11D3-BF4B-00C04F79EFBC}") = "CFLSuite.DataContracts", "CFLSuite.DataContracts\CFLSuite.DataContracts.csproj", "{4B2EAD11-CE13-49F7-94A3-5623213723E0}"
EndProject
Project("{FAE04EC0-301F-11D3-BF4B-00C04F79EFBC}") = "CFLSuite.Web", "CFLSuite.Web\CFLSuite.Web.csproj", "{80183F0D-7C30-4CF7-8347-D62D979B7E71}"
EndProject
Project("{FAE04EC0-301F-11D3-BF4B-00C04F79EFBC}") = "CFLSuite.Service", "CFLSuite.Service\CFLSuite.Service.csproj", "{D4328EB3-D2F3-4ADB-8D2B-18C65310E6D6}"
EndProject
Project("{2150E333-8FDC-42A3-9474-1A3956D46DE8}") = "1.Clients", "1.Clients", "{022C0C64-61D2-4DCA-BDC9-D799B112719F}"
EndProject
Project("{2150E333-8FDC-42A3-9474-1A3956D46DE8}") = "2.Services", "2.Services", "{1D244FAA-8DB2-45DA-A034-FD53AFA34931}"
EndProject
Project("{2150E333-8FDC-42A3-9474-1A3956D46DE8}") = "3.DataAccessors", "3.DataAccessors", "{A39730DF-E287-44BC-A020-6A8C2F80D759}"
EndProject
Project("{2150E333-8FDC-42A3-9474-1A3956D46DE8}") = "4.DataContracts", "4.DataContracts", "{460C223A-7A18-46EA-8C6F-2790911A2518}"
EndProject
Project("{2150E333-8FDC-42A3-9474-1A3956D46DE8}") = "Databases", "Databases", "{4F013A44-0F7E-41C9-A436-CC8A9023F381}"
EndProject
Project("{2150E333-8FDC-42A3-9474-1A3956D46DE8}") = "Tests", "Tests", "{FDBB72D4-D477-4D8D-A5E0-586127038665}"
EndProject
Global
	GlobalSection(SolutionConfigurationPlatforms) = preSolution
		Debug|Any CPU = Debug|Any CPU
		Release|Any CPU = Release|Any CPU
	EndGlobalSection
	GlobalSection(ProjectConfigurationPlatforms) = postSolution
		{A29EB181-6A17-4020-8AA8-6BBBF62D9E25}.Debug|Any CPU.ActiveCfg = Debug|Any CPU
		{A29EB181-6A17-4020-8AA8-6BBBF62D9E25}.Debug|Any CPU.Build.0 = Debug|Any CPU
		{A29EB181-6A17-4020-8AA8-6BBBF62D9E25}.Release|Any CPU.ActiveCfg = Release|Any CPU
		{A29EB181-6A17-4020-8AA8-6BBBF62D9E25}.Release|Any CPU.Build.0 = Release|Any CPU
		{FDEDD920-BC26-4739-912C-459E5B9DF923}.Debug|Any CPU.ActiveCfg = Debug|Any CPU
		{FDEDD920-BC26-4739-912C-459E5B9DF923}.Debug|Any CPU.Build.0 = Debug|Any CPU
		{FDEDD920-BC26-4739-912C-459E5B9DF923}.Debug|Any CPU.Deploy.0 = Debug|Any CPU
		{FDEDD920-BC26-4739-912C-459E5B9DF923}.Release|Any CPU.ActiveCfg = Release|Any CPU
		{FDEDD920-BC26-4739-912C-459E5B9DF923}.Release|Any CPU.Build.0 = Release|Any CPU
		{FDEDD920-BC26-4739-912C-459E5B9DF923}.Release|Any CPU.Deploy.0 = Release|Any CPU
		{62782274-0373-43FE-9B0E-67937C9B99D9}.Debug|Any CPU.ActiveCfg = Debug|Any CPU
		{62782274-0373-43FE-9B0E-67937C9B99D9}.Debug|Any CPU.Build.0 = Debug|Any CPU
		{62782274-0373-43FE-9B0E-67937C9B99D9}.Release|Any CPU.ActiveCfg = Release|Any CPU
		{62782274-0373-43FE-9B0E-67937C9B99D9}.Release|Any CPU.Build.0 = Release|Any CPU
		{4B2EAD11-CE13-49F7-94A3-5623213723E0}.Debug|Any CPU.ActiveCfg = Debug|Any CPU
		{4B2EAD11-CE13-49F7-94A3-5623213723E0}.Debug|Any CPU.Build.0 = Debug|Any CPU
		{4B2EAD11-CE13-49F7-94A3-5623213723E0}.Release|Any CPU.ActiveCfg = Release|Any CPU
		{4B2EAD11-CE13-49F7-94A3-5623213723E0}.Release|Any CPU.Build.0 = Release|Any CPU
		{80183F0D-7C30-4CF7-8347-D62D979B7E71}.Debug|Any CPU.ActiveCfg = Debug|Any CPU
		{80183F0D-7C30-4CF7-8347-D62D979B7E71}.Debug|Any CPU.Build.0 = Debug|Any CPU
		{80183F0D-7C30-4CF7-8347-D62D979B7E71}.Release|Any CPU.ActiveCfg = Release|Any CPU
		{80183F0D-7C30-4CF7-8347-D62D979B7E71}.Release|Any CPU.Build.0 = Release|Any CPU
		{D4328EB3-D2F3-4ADB-8D2B-18C65310E6D6}.Debug|Any CPU.ActiveCfg = Debug|Any CPU
		{D4328EB3-D2F3-4ADB-8D2B-18C65310E6D6}.Debug|Any CPU.Build.0 = Debug|Any CPU
		{D4328EB3-D2F3-4ADB-8D2B-18C65310E6D6}.Release|Any CPU.ActiveCfg = Release|Any CPU
		{D4328EB3-D2F3-4ADB-8D2B-18C65310E6D6}.Release|Any CPU.Build.0 = Release|Any CPU
	EndGlobalSection
	GlobalSection(SolutionProperties) = preSolution
		HideSolutionNode = FALSE
	EndGlobalSection
	GlobalSection(NestedProjects) = preSolution
		{A29EB181-6A17-4020-8AA8-6BBBF62D9E25} = {FDBB72D4-D477-4D8D-A5E0-586127038665}
		{FDEDD920-BC26-4739-912C-459E5B9DF923} = {4F013A44-0F7E-41C9-A436-CC8A9023F381}
		{62782274-0373-43FE-9B0E-67937C9B99D9} = {A39730DF-E287-44BC-A020-6A8C2F80D759}
		{4B2EAD11-CE13-49F7-94A3-5623213723E0} = {460C223A-7A18-46EA-8C6F-2790911A2518}
		{80183F0D-7C30-4CF7-8347-D62D979B7E71} = {022C0C64-61D2-4DCA-BDC9-D799B112719F}
		{D4328EB3-D2F3-4ADB-8D2B-18C65310E6D6} = {1D244FAA-8DB2-45DA-A034-FD53AFA34931}
	EndGlobalSection
EndGlobal
